lockfileVersion: '9.0'

settings:
  autoInstallPeers: true
  excludeLinksFromLockfile: false

importers:

  .:
    devDependencies:
      ws:
        specifier: 8.21.3
        version: 8.21.3

  apps/web:
    dependencies:
      react:
        specifier: ^19.2.8
        version: 19.2.8
      react-dom:
        specifier: ^19.2.8
        version: 19.2.8(react@19.2.8)
    devDependencies:
      '@types/node':
        specifier: ^24.13.3
        version: 24.13.3
      '@types/react':
        specifier: ^19.2.17
        version: 19.2.18
      '@types/react-dom':
        specifier: ^19.2.3
        version: 19.2.4(@types/react@19.2.18)
      '@vitejs/plugin-react':
        specifier: ^6.0.4
        version: 6.1.0(vite@8.2.2(@types/node@24.13.3))
      oxlint:
        specifier: ^1.75.0
        version: 1.79.0
      typescript:
        specifier: ~6.0.2
        version: 6.0.3
      vite:
        specifier: ^8.2.0
        version: 8.2.2(@types/node@24.13.3)

packages:

  '@oxc-project/types@0.146.0':
    resolution: {integrity: sha1-1Xolkau/H25QmBsH7iSrJpUw2Ho=}

  '@oxlint/binding-android-arm-eabi@1.79.0':
    resolution: {integrity: sha1-SzVXb7l52Z5J6LP3M1lZhK2YzEg=}
    engines: {node: ^20.19.0 || >=22.12.0}
    cpu: [arm]
    os: [android]

  '@oxlint/binding-android-arm64@1.79.0':
    resolution: {integrity: sha1-Rzqvti3eQACl5ezSCjeXC36bQFk=}
    engines: {node: ^20.19.0 || >=22.12.0}
    cpu: [arm64]
    os: [android]

  '@oxlint/binding-darwin-arm64@1.79.0':
    resolution: {integrity: sha1-oIZeGMBvBPk+aHqh42PgoJWa+VA=}
    engines: {node: ^20.19.0 || >=22.12.0}
    cpu: [arm64]
    os: [darwin]

  '@oxlint/binding-darwin-x64@1.79.0':
    resolution: {integrity: sha1-JtzUIiwqR8K08QJnP6Dd0nOuxrk=}
    engines: {node: ^20.19.0 || >=22.12.0}
    cpu: [x64]
    os: [darwin]

  '@oxlint/binding-freebsd-x64@1.79.0':
    resolution: {integrity: sha1-5mOhesn4u1jr5hBxQ3NRWy7KQHE=}
    engines: {node: ^20.19.0 || >=22.12.0}
    cpu: [x64]
    os: [freebsd]

  '@oxlint/binding-linux-arm-gnueabihf@1.79.0':
    resolution: {integrity: sha1-p3RPmrdkS2kHZEmvBFJYlI39gmU=}
    engines: {node: ^20.19.0 || >=22.12.0}
    cpu: [arm]
    os: [linux]

  '@oxlint/binding-linux-arm-musleabihf@1.79.0':
    resolution: {integrity: sha1-zRxeTe1wRQGA3/6lWjPbhX6D6c0=}
    engines: {node: ^20.19.0 || >=22.12.0}
    cpu: [arm]
    os: [linux]

  '@oxlint/binding-linux-arm64-gnu@1.79.0':
    resolution: {integrity: sha1-Q60I4xLWK1nJWLVwfdjxxdgdBi4=}
    engines: {node: ^20.19.0 || >=22.12.0}
    cpu: [arm64]
    os: [linux]
    libc: [glibc]

  '@oxlint/binding-linux-arm64-musl@1.79.0':
    resolution: {integrity: sha1-CZnaKw4i4soFgzNlsCQowRsJvA4=}
    engines: {node: ^20.19.0 || >=22.12.0}
    cpu: [arm64]
    os: [linux]
    libc: [musl]

  '@oxlint/binding-linux-ppc64-gnu@1.79.0':
    resolution: {integrity: sha1-+gB8VEuRuNzgCxtbfmLaMqnM/gY=}
    engines: {node: ^20.19.0 || >=22.12.0}
    cpu: [ppc64]
    os: [linux]
    libc: [glibc]

  '@oxlint/binding-linux-riscv64-gnu@1.79.0':
    resolution: {integrity: sha1-o2b4pIXBfCYs30NY4tPrl9ornBs=}
    engines: {node: ^20.19.0 || >=22.12.0}
    cpu: [riscv64]
    os: [linux]
    libc: [glibc]

  '@oxlint/binding-linux-riscv64-musl@1.79.0':
    resolution: {integrity: sha1-lxKvIWVpTZfbOJDgUuh98bKaceQ=}
    engines: {node: ^20.19.0 || >=22.12.0}
    cpu: [riscv64]
    os: [linux]
    libc: [musl]

  '@oxlint/binding-linux-s390x-gnu@1.79.0':
    resolution: {integrity: sha1-aykjarX5iFcVyZmwWm6fAc3sqLM=}
    engines: {node: ^20.19.0 || >=22.12.0}
    cpu: [s390x]
    os: [linux]
    libc: [glibc]

  '@oxlint/binding-linux-x64-gnu@1.79.0':
    resolution: {integrity: sha1-GfL3g1n8D/rMy4n86YY2IRsABN0=}
    engines: {node: ^20.19.0 || >=22.12.0}
    cpu: [x64]
    os: [linux]
    libc: [glibc]

  '@oxlint/binding-linux-x64-musl@1.79.0':
    resolution: {integrity: sha1-bSrxdLN9//ioEt8FVCB3uYhi7iI=}
    engines: {node: ^20.19.0 || >=22.12.0}
    cpu: [x64]
    os: [linux]
    libc: [musl]

  '@oxlint/binding-openharmony-arm64@1.79.0':
    resolution: {integrity: sha1-6ayCjfkeXapBfjWD0K8rDlgPUSE=}
    engines: {node: ^20.19.0 || >=22.12.0}
    cpu: [arm64]
    os: [openharmony]

  '@oxlint/binding-win32-arm64-msvc@1.79.0':
    resolution: {integrity: sha1-VfyodlBcdHL7FKv/EbGf0VfYc/0=}
    engines: {node: ^20.19.0 || >=22.12.0}
    cpu: [arm64]
    os: [win32]

  '@oxlint/binding-win32-ia32-msvc@1.79.0':
    resolution: {integrity: sha1-2LVBOIRQaVbR8WqDMY3XTaOaaJo=}
    engines: {node: ^20.19.0 || >=22.12.0}
    cpu: [ia32]
    os: [win32]

  '@oxlint/binding-win32-x64-msvc@1.79.0':
    resolution: {integrity: sha1-K9fsGahEbVPRiFgPr30U163LhbI=}
    engines: {node: ^20.19.0 || >=22.12.0}
    cpu: [x64]
    os: [win32]

  '@rolldown/binding-android-arm-eabi@1.2.5':
    resolution: {integrity: sha1-FluAkQ3nzTP3ctW3sEWyWay3Qgw=}
    engines: {node: ^20.19.0 || >=22.12.0}
    cpu: [arm]
    os: [android]

  '@rolldown/binding-android-arm64@1.2.5':
    resolution: {integrity: sha1-XtdNS4+lbGjrGuuB0NIHqFtt4Fw=}
    engines: {node: ^20.19.0 || >=22.12.0}
    cpu: [arm64]
    os: [android]

  '@rolldown/binding-darwin-arm64@1.2.5':
    resolution: {integrity: sha1-byfHBg5YygMGH6fVD53ECbw3f+E=}
    engines: {node: ^20.19.0 || >=22.12.0}
    cpu: [arm64]
    os: [darwin]

  '@rolldown/binding-darwin-x64@1.2.5':
    resolution: {integrity: sha1-dKuJfRNO3kBy/cYQjwAZPmFn7ig=}
    engines: {node: ^20.19.0 || >=22.12.0}
    cpu: [x64]
    os: [darwin]

  '@rolldown/binding-freebsd-x64@1.2.5':
    resolution: {integrity: sha1-fTN/muS3OWdOGTh0cRirBnbI74o=}
    engines: {node: ^20.19.0 || >=22.12.0}
    cpu: [x64]
    os: [freebsd]

  '@rolldown/binding-linux-arm-gnueabihf@1.2.5':
    resolution: {integrity: sha1-qBldwQka3g+RKwYT72UAlB5WFfQ=}
    engines: {node: ^20.19.0 || >=22.12.0}
    cpu: [arm]
    os: [linux]

  '@rolldown/binding-linux-arm64-gnu@1.2.5':
    resolution: {integrity: sha1-QPu7lwcrGsqj4Oj+l3T+Uk6GC7o=}
    engines: {node: ^20.19.0 || >=22.12.0}
    cpu: [arm64]
    os: [linux]
    libc: [glibc]

  '@rolldown/binding-linux-arm64-musl@1.2.5':
    resolution: {integrity: sha1-PP6LD3wT3inazpqfxsAwgRZBdqs=}
    engines: {node: ^20.19.0 || >=22.12.0}
    cpu: [arm64]
    os: [linux]
    libc: [musl]

  '@rolldown/binding-linux-ppc64-gnu@1.2.5':
    resolution: {integrity: sha1-O9iQ2Wrin5NxiqFC7QmC8u4peK0=}
    engines: {node: ^20.19.0 || >=22.12.0}
    cpu: [ppc64]
    os: [linux]
    libc: [glibc]

  '@rolldown/binding-linux-s390x-gnu@1.2.5':
    resolution: {integrity: sha1-CVmg1a8idB1Xh5GOJ673DchgKAQ=}
    engines: {node: ^20.19.0 || >=22.12.0}
    cpu: [s390x]
    os: [linux]
    libc: [glibc]

  '@rolldown/binding-linux-x64-gnu@1.2.5':
    resolution: {integrity: sha1-e6qU6CYyisb0V9nhq6z/oDU+jSI=}
    engines: {node: ^20.19.0 || >=22.12.0}
    cpu: [x64]
    os: [linux]
    libc: [glibc]

  '@rolldown/binding-linux-x64-musl@1.2.5':
    resolution: {integrity: sha1-XzdZfq8OIjE9Hj1L59G+H9MykE4=}
    engines: {node: ^20.19.0 || >=22.12.0}
    cpu: [x64]
    os: [linux]
    libc: [musl]

  '@rolldown/binding-openharmony-arm64@1.2.5':
    resolution: {integrity: sha1-0JZWevP3OMvmqoWKsKAarp81fvQ=}
    engines: {node: ^20.19.0 || >=22.12.0}
    cpu: [arm64]
    os: [openharmony]

  '@rolldown/binding-win32-arm64-msvc@1.2.5':
    resolution: {integrity: sha1-1TuRGqTmtUe3icB3R/q6sqyMI30=}
    engines: {node: ^20.19.0 || >=22.12.0}
    cpu: [arm64]
    os: [win32]

  '@rolldown/binding-win32-x64-msvc@1.2.5':
    resolution: {integrity: sha1-e70Iz9pqmN6bdWRyx3KjbrtyKbw=}
    engines: {node: ^20.19.0 || >=22.12.0}
    cpu: [x64]
    os: [win32]

  '@rolldown/pluginutils@1.0.1':
    resolution: {integrity: sha1-4/zuCT+7XOdl4a0Ij/TeKIn2+b4=}

  '@types/node@24.13.3':
    resolution: {integrity: sha1-SfGL08ZHhm3NpRoHVsFF4UWQzhY=}

  '@types/react-dom@19.2.4':
    resolution: {integrity: sha1-Flq16X37CBhHsPZ1UGDPQKP2Zms=}
    peerDependencies:
      '@types/react': ^19.2.0

  '@types/react@19.2.18':
    resolution: {integrity: sha1-6wtqH7Y10alpLV+Eo0lb2K0VNwc=}

  '@vitejs/plugin-react@6.1.0':
    resolution: {integrity: sha1-o9ejuZjGGDhdB245C3Q5jD2MZbw=}
    engines: {node: ^20.19.0 || >=22.12.0}
    peerDependencies:
      '@rolldown/plugin-babel': ^0.1.7 || ^0.2.0
      babel-plugin-react-compiler: ^1.0.0
      oxc-transform-react: ^0.145.0
      vite: ^8.0.0
    peerDependenciesMeta:
      '@rolldown/plugin-babel':
        optional: true
      babel-plugin-react-compiler:
        optional: true
      oxc-transform-react:
        optional: true

  csstype@3.2.3:
    resolution: {integrity: sha1-7EjA8+mT5QZIyG2lWeJhCZXPmJo=}

  detect-libc@2.1.2:
    resolution: {integrity: sha1-aJxdzcGQDvVYOky59te0c3QgdK0=}
    engines: {node: '>=8'}

  fdir@6.5.0:
    resolution: {integrity: sha1-7Sq5Z6MxreYvGNB32uGSaE1Q01A=}
    engines: {node: '>=12.0.0'}
    peerDependencies:
      picomatch: ^3 || ^4
    peerDependenciesMeta:
      picomatch:
        optional: true

  fsevents@2.3.3:
    resolution: {integrity: sha1-ysZAd4XQNnWipeGlMFxpezR9kNY=}
    engines: {node: ^8.16.0 || ^10.6.0 || >=11.0.0}
    os: [darwin]

  lightningcss-android-arm64@1.33.0:
    resolution: {integrity: sha1-mmhB+IrlD8g1ApA4krQa9BvCuQc=}
    engines: {node: '>= 12.0.0'}
    cpu: [arm64]
    os: [android]

  lightningcss-darwin-arm64@1.33.0:
    resolution: {integrity: sha1-wPLDHAv9GfpN0/GOlXofGhUgl9Y=}
    engines: {node: '>= 12.0.0'}
    cpu: [arm64]
    os: [darwin]

  lightningcss-darwin-x64@1.33.0:
    resolution: {integrity: sha1-ywcFllrLU4xmg5Sc5pJfs833w2E=}
    engines: {node: '>= 12.0.0'}
    cpu: [x64]
    os: [darwin]

  lightningcss-freebsd-x64@1.33.0:
    resolution: {integrity: sha1-djU4gosmurJoDa2vzITueLDrUCs=}
    engines: {node: '>= 12.0.0'}
    cpu: [x64]
    os: [freebsd]

  lightningcss-linux-arm-gnueabihf@1.33.0:
    resolution: {integrity: sha1-aGLjF2ozGu297B7TUrTX0N0HhN4=}
    engines: {node: '>= 12.0.0'}
    cpu: [arm]
    os: [linux]

  lightningcss-linux-arm64-gnu@1.33.0:
    resolution: {integrity: sha1-xqOi7RUUHa9r3CYokw+OOb30c6o=}
    engines: {node: '>= 12.0.0'}
    cpu: [arm64]
    os: [linux]
    libc: [glibc]

  lightningcss-linux-arm64-musl@1.33.0:
    resolution: {integrity: sha1-f6EzSXH8goRfmCffbvigsgkUusY=}
    engines: {node: '>= 12.0.0'}
    cpu: [arm64]
    os: [linux]
    libc: [musl]

  lightningcss-linux-x64-gnu@1.33.0:
    resolution: {integrity: sha1-i5J4YuqMK7xoMaRlCSRLUNmTblU=}
    engines: {node: '>= 12.0.0'}
    cpu: [x64]
    os: [linux]
    libc: [glibc]

  lightningcss-linux-x64-musl@1.33.0:
    resolution: {integrity: sha1-DFJbsHff2UQEwFnP5C2teX6Wrq8=}
    engines: {node: '>= 12.0.0'}
    cpu: [x64]
    os: [linux]
    libc: [musl]

  lightningcss-win32-arm64-msvc@1.33.0:
    resolution: {integrity: sha1-hQ7hED2smJz6tQ46wi0aaeOU5j0=}
    engines: {node: '>= 12.0.0'}
    cpu: [arm64]
    os: [win32]

  lightningcss-win32-x64-msvc@1.33.0:
    resolution: {integrity: sha1-40OuFS7tNgncbhGUnRo785oclG8=}
    engines: {node: '>= 12.0.0'}
    cpu: [x64]
    os: [win32]

  lightningcss@1.33.0:
    resolution: {integrity: sha1-wIhn1xp5OFxuGQIU/XL+8+X5Xws=}
    engines: {node: '>= 12.0.0'}

  nanoid@3.3.18:
    resolution: {integrity: sha1-9mot4Rmf/eD88hyKXxMQaxwIGRM=}
    engines: {node: ^10 || ^12 || ^13.7 || ^14 || >=15.0.1}
    hasBin: true

  oxlint@1.79.0:
    resolution: {integrity: sha1-PQNnhve4eEJpRbqGXyx1ec+F7TQ=}
    engines: {node: ^20.19.0 || >=22.12.0}
    hasBin: true
    peerDependencies:
      oxlint-tsgolint: '>=7.0.2001'
      vite-plus: '*'
    peerDependenciesMeta:
      oxlint-tsgolint:
        optional: true
      vite-plus:
        optional: true

  picocolors@1.1.1:
    resolution: {integrity: sha1-PTIa8+q5ObCDyPkpodEs2oHCa2s=}

  picomatch@4.0.5:
    resolution: {integrity: sha1-UepXoX2G9gX4EDlZX7xA7QalX6s=}
    engines: {node: '>=12'}

  postcss@8.5.26:
    resolution: {integrity: sha1-bnUTV4DH4Q3zQzvyJmxVLTXIxiA=}
    engines: {node: ^10 || ^12 || >=14}

  react-dom@19.2.8:
    resolution: {integrity: sha1-O0a57tqHfN/yzxPSdw//SuNsLsI=}
    peerDependencies:
      react: ^19.2.8

  react@19.2.8:
    resolution: {integrity: sha1-qAZj27WNacb+P9KR08syTop9/y0=}
    engines: {node: '>=0.10.0'}

  rolldown@1.2.5:
    resolution: {integrity: sha1-H1BKfQUmCnaeYX2VBBC7sFFJjFA=}
    engines: {node: ^20.19.0 || >=22.12.0}
    hasBin: true

  scheduler@0.27.0:
    resolution: {integrity: sha1-DE74LWfR5cHjWej8dtOofwRf5b0=}

  source-map-js@1.2.1:
    resolution: {integrity: sha1-HOVlD93YerwJnto33P8CTCZnrkY=}
    engines: {node: '>=0.10.0'}

  tinyglobby@0.2.17:
    resolution: {integrity: sha1-ViqabJ6ys7Ej05cZ+a9btE/NdjE=}
    engines: {node: '>=12.0.0'}

  typescript@6.0.3:
    resolution: {integrity: sha1-kCUdwAeRbpcnhsuU100VsYVXfSE=}
    engines: {node: '>=14.17'}
    hasBin: true

  undici-types@7.18.2:
    resolution: {integrity: sha1-KTV6iee3ykrvO/D9P9DNc4hCKek=}

  vite@8.2.2:
    resolution: {integrity: sha1-OZrvrTZWFFFFvhENE3oH6lu1UBQ=}
    engines: {node: ^20.19.0 || >=22.12.0}
    hasBin: true
    peerDependencies:
      '@types/node': ^20.19.0 || >=22.12.0
      '@vitejs/devtools': ^0.4.0 || ^0.5.0
      esbuild: ^0.27.0 || ^0.28.0
      jiti: '>=1.21.0'
      less: ^4.0.0
      sass: ^1.70.0
      sass-embedded: ^1.70.0
      stylus: '>=0.54.8'
      sugarss: ^5.0.0
      terser: ^5.16.0
      tsx: ^4.8.1
      yaml: ^2.4.2
    peerDependenciesMeta:
      '@types/node':
        optional: true
      '@vitejs/devtools':
        optional: true
      esbuild:
        optional: true
      jiti:
        optional: true
      less:
        optional: true
      sass:
        optional: true
      sass-embedded:
        optional: true
      stylus:
        optional: true
      sugarss:
        optional: true
      terser:
        optional: true
      tsx:
        optional: true
      yaml:
        optional: true

  ws@8.21.3:
    resolution: {integrity: sha1-ZgtPrdtqPldchuB4EmkZlh9N5Pw=}
    engines: {node: '>=10.0.0'}
    peerDependencies:
      bufferutil: ^4.0.1
      utf-8-validate: '>=5.0.2'
    peerDependenciesMeta:
      bufferutil:
        optional: true
      utf-8-validate:
        optional: true

snapshots:

  '@oxc-project/types@0.146.0': {}

  '@oxlint/binding-android-arm-eabi@1.79.0':
    optional: true

  '@oxlint/binding-android-arm64@1.79.0':
    optional: true

  '@oxlint/binding-darwin-arm64@1.79.0':
    optional: true

  '@oxlint/binding-darwin-x64@1.79.0':
    optional: true

  '@oxlint/binding-freebsd-x64@1.79.0':
    optional: true

  '@oxlint/binding-linux-arm-gnueabihf@1.79.0':
    optional: true

  '@oxlint/binding-linux-arm-musleabihf@1.79.0':
    optional: true

  '@oxlint/binding-linux-arm64-gnu@1.79.0':
    optional: true

  '@oxlint/binding-linux-arm64-musl@1.79.0':
    optional: true

  '@oxlint/binding-linux-ppc64-gnu@1.79.0':
    optional: true

  '@oxlint/binding-linux-riscv64-gnu@1.79.0':
    optional: true

  '@oxlint/binding-linux-riscv64-musl@1.79.0':
    optional: true

  '@oxlint/binding-linux-s390x-gnu@1.79.0':
    optional: true

  '@oxlint/binding-linux-x64-gnu@1.79.0':
    optional: true

  '@oxlint/binding-linux-x64-musl@1.79.0':
    optional: true

  '@oxlint/binding-openharmony-arm64@1.79.0':
    optional: true

  '@oxlint/binding-win32-arm64-msvc@1.79.0':
    optional: true

  '@oxlint/binding-win32-ia32-msvc@1.79.0':
    optional: true

  '@oxlint/binding-win32-x64-msvc@1.79.0':
    optional: true

  '@rolldown/binding-android-arm-eabi@1.2.5':
    optional: true

  '@rolldown/binding-android-arm64@1.2.5':
    optional: true

  '@rolldown/binding-darwin-arm64@1.2.5':
    optional: true

  '@rolldown/binding-darwin-x64@1.2.5':
    optional: true

  '@rolldown/binding-freebsd-x64@1.2.5':
    optional: true

  '@rolldown/binding-linux-arm-gnueabihf@1.2.5':
    optional: true

  '@rolldown/binding-linux-arm64-gnu@1.2.5':
    optional: true

  '@rolldown/binding-linux-arm64-musl@1.2.5':
    optional: true

  '@rolldown/binding-linux-ppc64-gnu@1.2.5':
    optional: true

  '@rolldown/binding-linux-s390x-gnu@1.2.5':
    optional: true

  '@rolldown/binding-linux-x64-gnu@1.2.5':
    optional: true

  '@rolldown/binding-linux-x64-musl@1.2.5':
    optional: true

  '@rolldown/binding-openharmony-arm64@1.2.5':
    optional: true

  '@rolldown/binding-win32-arm64-msvc@1.2.5':
    optional: true

  '@rolldown/binding-win32-x64-msvc@1.2.5':
    optional: true

  '@rolldown/pluginutils@1.0.1': {}

  '@types/node@24.13.3':
    dependencies:
      undici-types: 7.18.2

  '@types/react-dom@19.2.4(@types/react@19.2.18)':
    dependencies:
      '@types/react': 19.2.18

  '@types/react@19.2.18':
    dependencies:
      csstype: 3.2.3

  '@vitejs/plugin-react@6.1.0(vite@8.2.2(@types/node@24.13.3))':
    dependencies:
      '@rolldown/pluginutils': 1.0.1
      vite: 8.2.2(@types/node@24.13.3)

  csstype@3.2.3: {}

  detect-libc@2.1.2: {}

  fdir@6.5.0(picomatch@4.0.5):
    optionalDependencies:
      picomatch: 4.0.5

  fsevents@2.3.3:
    optional: true

  lightningcss-android-arm64@1.33.0:
    optional: true

  lightningcss-darwin-arm64@1.33.0:
    optional: true

  lightningcss-darwin-x64@1.33.0:
    optional: true

  lightningcss-freebsd-x64@1.33.0:
    optional: true

  lightningcss-linux-arm-gnueabihf@1.33.0:
    optional: true

  lightningcss-linux-arm64-gnu@1.33.0:
    optional: true

  lightningcss-linux-arm64-musl@1.33.0:
    optional: true

  lightningcss-linux-x64-gnu@1.33.0:
    optional: true

  lightningcss-linux-x64-musl@1.33.0:
    optional: true

  lightningcss-win32-arm64-msvc@1.33.0:
    optional: true

  lightningcss-win32-x64-msvc@1.33.0:
    optional: true

  lightningcss@1.33.0:
    dependencies:
      detect-libc: 2.1.2
    optionalDependencies:
      lightningcss-android-arm64: 1.33.0
      lightningcss-darwin-arm64: 1.33.0
      lightningcss-darwin-x64: 1.33.0
      lightningcss-freebsd-x64: 1.33.0
      lightningcss-linux-arm-gnueabihf: 1.33.0
      lightningcss-linux-arm64-gnu: 1.33.0
      lightningcss-linux-arm64-musl: 1.33.0
      lightningcss-linux-x64-gnu: 1.33.0
      lightningcss-linux-x64-musl: 1.33.0
      lightningcss-win32-arm64-msvc: 1.33.0
      lightningcss-win32-x64-msvc: 1.33.0

  nanoid@3.3.18: {}

  oxlint@1.79.0:
    optionalDependencies:
      '@oxlint/binding-android-arm-eabi': 1.79.0
      '@oxlint/binding-android-arm64': 1.79.0
      '@oxlint/binding-darwin-arm64': 1.79.0
      '@oxlint/binding-darwin-x64': 1.79.0
      '@oxlint/binding-freebsd-x64': 1.79.0
      '@oxlint/binding-linux-arm-gnueabihf': 1.79.0
      '@oxlint/binding-linux-arm-musleabihf': 1.79.0
      '@oxlint/binding-linux-arm64-gnu': 1.79.0
      '@oxlint/binding-linux-arm64-musl': 1.79.0
      '@oxlint/binding-linux-ppc64-gnu': 1.79.0
      '@oxlint/binding-linux-riscv64-gnu': 1.79.0
      '@oxlint/binding-linux-riscv64-musl': 1.79.0
      '@oxlint/binding-linux-s390x-gnu': 1.79.0
      '@oxlint/binding-linux-x64-gnu': 1.79.0
      '@oxlint/binding-linux-x64-musl': 1.79.0
      '@oxlint/binding-openharmony-arm64': 1.79.0
      '@oxlint/binding-win32-arm64-msvc': 1.79.0
      '@oxlint/binding-win32-ia32-msvc': 1.79.0
      '@oxlint/binding-win32-x64-msvc': 1.79.0

  picocolors@1.1.1: {}

  picomatch@4.0.5: {}

  postcss@8.5.26:
    dependencies:
      nanoid: 3.3.18
      picocolors: 1.1.1
      source-map-js: 1.2.1

  react-dom@19.2.8(react@19.2.8):
    dependencies:
      react: 19.2.8
      scheduler: 0.27.0

  react@19.2.8: {}

  rolldown@1.2.5:
    dependencies:
      '@oxc-project/types': 0.146.0
      '@rolldown/pluginutils': 1.0.1
    optionalDependencies:
      '@rolldown/binding-android-arm-eabi': 1.2.5
      '@rolldown/binding-android-arm64': 1.2.5
      '@rolldown/binding-darwin-arm64': 1.2.5
      '@rolldown/binding-darwin-x64': 1.2.5
      '@rolldown/binding-freebsd-x64': 1.2.5
      '@rolldown/binding-linux-arm-gnueabihf': 1.2.5
      '@rolldown/binding-linux-arm64-gnu': 1.2.5
      '@rolldown/binding-linux-arm64-musl': 1.2.5
      '@rolldown/binding-linux-ppc64-gnu': 1.2.5
      '@rolldown/binding-linux-s390x-gnu': 1.2.5
      '@rolldown/binding-linux-x64-gnu': 1.2.5
      '@rolldown/binding-linux-x64-musl': 1.2.5
      '@rolldown/binding-openharmony-arm64': 1.2.5
      '@rolldown/binding-win32-arm64-msvc': 1.2.5
      '@rolldown/binding-win32-x64-msvc': 1.2.5

  scheduler@0.27.0: {}

  source-map-js@1.2.1: {}

  tinyglobby@0.2.17:
    dependencies:
      fdir: 6.5.0(picomatch@4.0.5)
      picomatch: 4.0.5

  typescript@6.0.3: {}

  undici-types@7.18.2: {}

  vite@8.2.2(@types/node@24.13.3):
    dependencies:
      lightningcss: 1.33.0
      picomatch: 4.0.5
      postcss: 8.5.26
      rolldown: 1.2.5
      tinyglobby: 0.2.17
    optionalDependencies:
      '@types/node': 24.13.3
      fsevents: 2.3.3

  ws@8.21.3: {}
