{
  "name": "local-obo-proof",
  "version": "1.0.0",
  "lockfileVersion": 3,
  "requires": true,
  "packages": {
    "": {
      "name": "local-obo-proof",
      "version": "1.0.0",
      "dependencies": {
        "jose": "6.2.12",
        "openid-client": "6.8.8"
      },
      "devDependencies": {
        "playwright": "1.63.0"
      },
      "engines": {
        "node": ">=22.14.0"
      }
    },
    "node_modules/jose": {
      "version": "6.2.12",
      "resolved": "https://ms-feed-25.pkgs.visualstudio.com/1es-public/_packaging/npm-public/npm/registry/jose/-/jose-6.2.12.tgz",
      "integrity": "sha1-ZWY+FG7dAQuY7Og/gXN9Oqlf0Nc=",
      "license": "MIT",
      "funding": {
        "url": "https://github.com/sponsors/panva"
      }
    },
    "node_modules/oauth4webapi": {
      "version": "3.8.8",
      "resolved": "https://ms-feed-25.pkgs.visualstudio.com/1es-public/_packaging/npm-public/npm/registry/oauth4webapi/-/oauth4webapi-3.8.8.tgz",
      "integrity": "sha1-BbR5dctiHN/V2tNc7Pr0EXDhXHk=",
      "license": "MIT",
      "funding": {
        "url": "https://github.com/sponsors/panva"
      }
    },
    "node_modules/openid-client": {
      "version": "6.8.8",
      "resolved": "https://ms-feed-25.pkgs.visualstudio.com/1es-public/_packaging/npm-public/npm/registry/openid-client/-/openid-client-6.8.8.tgz",
      "integrity": "sha1-sYRIsUxUaO+It8F1vubYAYPWMxw=",
      "license": "MIT",
      "dependencies": {
        "jose": "^6.2.12",
        "oauth4webapi": "^3.8.8"
      },
      "funding": {
        "url": "https://github.com/sponsors/panva"
      }
    },
    "node_modules/playwright": {
      "version": "1.63.0",
      "resolved": "https://ms-feed-25.pkgs.visualstudio.com/1es-public/_packaging/npm-public/npm/registry/playwright/-/playwright-1.63.0.tgz",
      "integrity": "sha1-mbVvn2mxtwxE8Av4Sy/lI0iuJRE=",
      "dev": true,
      "license": "Apache-2.0",
      "dependencies": {
        "playwright-core": "1.63.0"
      },
      "bin": {
        "playwright": "cli.js"
      },
      "engines": {
        "node": ">=20"
      }
    },
    "node_modules/playwright-core": {
      "version": "1.63.0",
      "resolved": "https://ms-feed-25.pkgs.visualstudio.com/1es-public/_packaging/npm-public/npm/registry/playwright-core/-/playwright-core-1.63.0.tgz",
      "integrity": "sha1-5XZlvDKEbCE6w5oeTVvGIo52s3Y=",
      "dev": true,
      "license": "Apache-2.0",
      "bin": {
        "playwright-core": "cli.js"
      },
      "engines": {
        "node": ">=20"
      }
    }
  }
}
